# generated by rye
# use `rye lock` or `rye sync` to update this lockfile
#
# last locked with the following flags:
#   pre: false
#   features: []
#   all-features: false
#   with-sources: false
#   generate-hashes: false
#   universal: false

-e file:.
greenlet==3.3.0
    # via playwright
playwright==1.57.0
    # via competition-scout
pyee==13.0.0
    # via playwright
typing-extensions==4.15.0
    # via pyee
